<?xml version="1.0" encoding="utf-8"?>
<Project ToolsVersion="4.0" xmlns="http://schemas.microsoft.com/developer/msbuild/2003">
  <ItemGroup>
    <Filter Include="Header">
      <UniqueIdentifier>{fe59fb14-7aa2-4418-a560-3977e41153e1}</UniqueIdentifier>
    </Filter>
    <Filter Include="Network">
      <UniqueIdentifier>{f7241ce7-5f6b-444d-b72c-c47bbf93ef87}</UniqueIdentifier>
    </Filter>
  </ItemGroup>
  <ItemGroup>
    <ClCompile Include="main.cpp" />
    <ClCompile Include="pch.cpp">
      <Filter>Header</Filter>
    </ClCompile>
    <ClCompile Include="IOCP.cpp">
      <Filter>Network</Filter>
    </ClCompile>
    <ClCompile Include="WSAOverlappedEx.cpp">
      <Filter>Network</Filter>
    </ClCompile>
    <ClCompile Include="EndPoint.cpp">
      <Filter>Network</Filter>
    </ClCompile>
    <ClCompile Include="NetException.cpp">
      <Filter>Network</Filter>
    </ClCompile>
  </ItemGroup>
  <ItemGroup>
    <ClInclude Include="pch.h">
      <Filter>Header</Filter>
    </ClInclude>
    <ClInclude Include="IOCP.h">
      <Filter>Network</Filter>
    </ClInclude>
    <ClInclude Include="WSAOverlappedEx.h">
      <Filter>Network</Filter>
    </ClInclude>
    <ClInclude Include="EndPoint.h">
      <Filter>Network</Filter>
    </ClInclude>
    <ClInclude Include="NetException.h">
      <Filter>Network</Filter>
    </ClInclude>
  </ItemGroup>
</Project>